
Microsoft Visual Studio Solution File, Format Version 12.00
# Visual Studio 14
VisualStudioVersion = 14.0.23107.0
MinimumVisualStudioVersion = 10.0.40219.1
Project("{FAE04EC0-301F-11D3-BF4B-00C04F79EFBC}") = "Capgemini", "Capgemini\Capgemini.csproj", "{A3AEE44D-7055-4361-A09D-D1FC0E3D0545}"
EndProject
Project("{FAE04EC0-301F-11D3-BF4B-00C04F79EFBC}") = "Capgemini.Tests", "Capgemini.Tests\Capgemini.Tests.csproj", "{6FD1AFD5-DE0F-4D2B-90F4-8F5C960EB707}"
EndProject
Global
	GlobalSection(SolutionConfigurationPlatforms) = preSolution
		Debug|Any CPU = Debug|Any CPU
		Release|Any CPU = Release|Any CPU
	EndGlobalSection
	GlobalSection(ProjectConfigurationPlatforms) = postSolution
		{A3AEE44D-7055-4361-A09D-D1FC0E3D0545}.Debug|Any CPU.ActiveCfg = Debug|Any CPU
		{A3AEE44D-7055-4361-A09D-D1FC0E3D0545}.Debug|Any CPU.Build.0 = Debug|Any CPU
		{A3AEE44D-7055-4361-A09D-D1FC0E3D0545}.Release|Any CPU.ActiveCfg = Release|Any CPU
		{A3AEE44D-7055-4361-A09D-D1FC0E3D0545}.Release|Any CPU.Build.0 = Release|Any CPU
		{6FD1AFD5-DE0F-4D2B-90F4-8F5C960EB707}.Debug|Any CPU.ActiveCfg = Debug|Any CPU
		{6FD1AFD5-DE0F-4D2B-90F4-8F5C960EB707}.Debug|Any CPU.Build.0 = Debug|Any CPU
		{6FD1AFD5-DE0F-4D2B-90F4-8F5C960EB707}.Release|Any CPU.ActiveCfg = Release|Any CPU
		{6FD1AFD5-DE0F-4D2B-90F4-8F5C960EB707}.Release|Any CPU.Build.0 = Release|Any CPU
	EndGlobalSection
	GlobalSection(SolutionProperties) = preSolution
		HideSolutionNode = FALSE
	EndGlobalSection
	
EndGlobal
